
Microsoft Visual Studio Solution File, Format Version 12.00
# Visual Studio Version 17
VisualStudioVersion = 17.1.32228.430
MinimumVisualStudioVersion = 10.0.40219.1
Project("{FAE04EC0-301F-11D3-BF4B-00C04F79EFBC}") = "UnityBallsServer", "UnityBallsServer\UnityBallsServer.csproj", "{8EE2F7BA-B018-4712-92E3-98646DE48825}"
EndProject
Project("{FAE04EC0-301F-11D3-BF4B-00C04F79EFBC}") = "UnityBallsCore", "UnityBallsCore\UnityBallsCore.csproj", "{02560AE9-562C-442F-98CE-A32FB2F9602C}"
EndProject
Global
	GlobalSection(SolutionConfigurationPlatforms) = preSolution
		Debug|Any CPU = Debug|Any CPU
		Release|Any CPU = Release|Any CPU
	EndGlobalSection
	GlobalSection(ProjectConfigurationPlatforms) = postSolution
		{8EE2F7BA-B018-4712-92E3-98646DE48825}.Debug|Any CPU.ActiveCfg = Debug|Any CPU
		{8EE2F7BA-B018-4712-92E3-98646DE48825}.Debug|Any CPU.Build.0 = Debug|Any CPU
		{8EE2F7BA-B018-4712-92E3-98646DE48825}.Release|Any CPU.ActiveCfg = Release|Any CPU
		{8EE2F7BA-B018-4712-92E3-98646DE48825}.Release|Any CPU.Build.0 = Release|Any CPU
		{02560AE9-562C-442F-98CE-A32FB2F9602C}.Debug|Any CPU.ActiveCfg = Debug|Any CPU
		{02560AE9-562C-442F-98CE-A32FB2F9602C}.Debug|Any CPU.Build.0 = Debug|Any CPU
		{02560AE9-562C-442F-98CE-A32FB2F9602C}.Release|Any CPU.ActiveCfg = Release|Any CPU
		{02560AE9-562C-442F-98CE-A32FB2F9602C}.Release|Any CPU.Build.0 = Release|Any CPU
	EndGlobalSection
	GlobalSection(SolutionProperties) = preSolution
		HideSolutionNode = FALSE
	EndGlobalSection
	GlobalSection(ExtensibilityGlobals) = postSolution
		SolutionGuid = {79D93C7C-54BB-4692-853E-FEC18EDBCC6F}
	EndGlobalSection
EndGlobal
